
Microsoft Visual Studio Solution File, Format Version 12.00
# Visual Studio Version 16
VisualStudioVersion = 16.0.30014.187
MinimumVisualStudioVersion = 10.0.40219.1
Project("{9A19103F-16F7-4668-BE54-9A1E7A4F7556}") = "PTELab.WebApi", "PTELab.WebApi\PTELab.WebApi.csproj", "{A7DD81B4-E70C-4E16-894F-59F6CD2AFE77}"
EndProject
Project("{9A19103F-16F7-4668-BE54-9A1E7A4F7556}") = "PTELab.Database", "PTELab.Database\PTELab.Database.csproj", "{5F442D04-E194-49B9-8682-15B2669510C3}"
EndProject
Project("{FAE04EC0-301F-11D3-BF4B-00C04F79EFBC}") = "PTELab.Repositories", "PTELab.Repositories\PTELab.Repositories.csproj", "{B66906C9-8129-4BA1-8814-C6EDB88A5FA5}"
EndProject
Global
	GlobalSection(SolutionConfigurationPlatforms) = preSolution
		Debug|Any CPU = Debug|Any CPU
		Release|Any CPU = Release|Any CPU
	EndGlobalSection
	GlobalSection(ProjectConfigurationPlatforms) = postSolution
		{A7DD81B4-E70C-4E16-894F-59F6CD2AFE77}.Debug|Any CPU.ActiveCfg = Debug|Any CPU
		{A7DD81B4-E70C-4E16-894F-59F6CD2AFE77}.Debug|Any CPU.Build.0 = Debug|Any CPU
		{A7DD81B4-E70C-4E16-894F-59F6CD2AFE77}.Release|Any CPU.ActiveCfg = Release|Any CPU
		{A7DD81B4-E70C-4E16-894F-59F6CD2AFE77}.Release|Any CPU.Build.0 = Release|Any CPU
		{5F442D04-E194-49B9-8682-15B2669510C3}.Debug|Any CPU.ActiveCfg = Debug|Any CPU
		{5F442D04-E194-49B9-8682-15B2669510C3}.Debug|Any CPU.Build.0 = Debug|Any CPU
		{5F442D04-E194-49B9-8682-15B2669510C3}.Release|Any CPU.ActiveCfg = Release|Any CPU
		{5F442D04-E194-49B9-8682-15B2669510C3}.Release|Any CPU.Build.0 = Release|Any CPU
		{B66906C9-8129-4BA1-8814-C6EDB88A5FA5}.Debug|Any CPU.ActiveCfg = Debug|Any CPU
		{B66906C9-8129-4BA1-8814-C6EDB88A5FA5}.Debug|Any CPU.Build.0 = Debug|Any CPU
		{B66906C9-8129-4BA1-8814-C6EDB88A5FA5}.Release|Any CPU.ActiveCfg = Release|Any CPU
		{B66906C9-8129-4BA1-8814-C6EDB88A5FA5}.Release|Any CPU.Build.0 = Release|Any CPU
	EndGlobalSection
	GlobalSection(SolutionProperties) = preSolution
		HideSolutionNode = FALSE
	EndGlobalSection
	GlobalSection(ExtensibilityGlobals) = postSolution
		SolutionGuid = {2DD57F85-A0AF-4442-9B33-3DECEB959FF9}
	EndGlobalSection
EndGlobal
